# This file is autogenerated, do not edit; changes may be undone by the next 'dep ensure'.


[[projects]]
  branch = "master"
  name = "github.com/BytemarkHosting/row"
  packages = ["."]
  revision = "64689958a4cb09a01483ae1ca39511ca14c3222e"

[[projects]]
  branch = "master"
  name = "github.com/bcampbell/fuzzytime"
  packages = ["."]
  revision = "6a03581b01a2b1647d35ccf849090b5036108e0c"

[[projects]]
  name = "github.com/bgentry/speakeasy"
  packages = ["."]
  revision = "36e9cfdd690967f4f690c6edcc9ffacd006014a0"

[[projects]]
  branch = "master"
  name = "github.com/cheekybits/is"
  packages = ["."]
  revision = "68e9c0620927fb5427fda3708222d0edee89eae9"

[[projects]]
  name = "github.com/kr/pretty"
  packages = ["."]
  revision = "e6ac2fc51e89a3249e82157fa0bb7a18ef9dd5bb"

[[projects]]
  name = "github.com/kr/text"
  packages = ["."]
  revision = "bb797dc4fb8320488f47bf11de07a733d7233e1f"

[[projects]]
  branch = "master"
  name = "github.com/maraino/go-mock"
  packages = ["."]
  revision = "4c74c434cd3a9e9a70ed1eeb56646a1d3fac372f"

[[projects]]
  name = "github.com/mattn/go-isatty"
  packages = ["."]
  revision = "66b8e73f3f5cda9f96b69efd03dd3d7fc4a5cdb8"

[[projects]]
  name = "github.com/mattn/go-runewidth"
  packages = ["."]
  revision = "e882a96ec18dd43fa283187b66af74497c9101c0"

[[projects]]
  name = "github.com/olekukonko/tablewriter"
  packages = ["."]
  revision = "daf2955e742cf123959884fdff4685aa79b63135"

[[projects]]
  name = "github.com/urfave/cli"
  packages = ["."]
  revision = "f017f86fccc5a039a98f23311f34fdf78b014f78"

[[projects]]
  name = "gitlab.bytemark.co.uk/auth/client"
  packages = ["."]
  revision = "0c7acf539a3d7d55dc5a9f05f81f0ab0dae3b0cf"
  source = "git@gitlab.bytemark.co.uk:auth/client.git"

[[projects]]
  branch = "master"
  name = "golang.org/x/sys"
  packages = ["unix"]
  revision = "7ceb54c8418b8f9cdf0177b511d5cbb06e9fae39"

[solve-meta]
  analyzer-name = "dep"
  analyzer-version = 1
  inputs-digest = "5facc192aea4f81a00bbd495403b63467b86265f5c5730b7e570990a573d4a1b"
  solver-name = "gps-cdcl"
  solver-version = 1
